
Microsoft Visual Studio Solution File, Format Version 12.00
Project("{FAE04EC0-301F-11D3-BF4B-00C04F79EFBC}") = "lilv-sharp", "lilv-sharp\lilv-sharp.csproj", "{F08D6A52-7EA5-49D5-8223-61C8425BD312}"
EndProject
Project("{FAE04EC0-301F-11D3-BF4B-00C04F79EFBC}") = "lilv-sharp-sample", "lilv-sharp-sample\lilv-sharp-sample.csproj", "{C54F0B5B-AE5C-493E-8493-944B6D8E62FD}"
EndProject
Global
	GlobalSection(SolutionConfigurationPlatforms) = preSolution
		Debug|Any CPU = Debug|Any CPU
		Release|Any CPU = Release|Any CPU
	EndGlobalSection
	GlobalSection(ProjectConfigurationPlatforms) = postSolution
		{F08D6A52-7EA5-49D5-8223-61C8425BD312}.Debug|Any CPU.ActiveCfg = Debug|Any CPU
		{F08D6A52-7EA5-49D5-8223-61C8425BD312}.Debug|Any CPU.Build.0 = Debug|Any CPU
		{F08D6A52-7EA5-49D5-8223-61C8425BD312}.Release|Any CPU.ActiveCfg = Release|Any CPU
		{F08D6A52-7EA5-49D5-8223-61C8425BD312}.Release|Any CPU.Build.0 = Release|Any CPU
		{C54F0B5B-AE5C-493E-8493-944B6D8E62FD}.Debug|Any CPU.ActiveCfg = Debug|Any CPU
		{C54F0B5B-AE5C-493E-8493-944B6D8E62FD}.Debug|Any CPU.Build.0 = Debug|Any CPU
		{C54F0B5B-AE5C-493E-8493-944B6D8E62FD}.Release|Any CPU.ActiveCfg = Release|Any CPU
		{C54F0B5B-AE5C-493E-8493-944B6D8E62FD}.Release|Any CPU.Build.0 = Release|Any CPU
	EndGlobalSection
EndGlobal
